
Microsoft Visual Studio Solution File, Format Version 12.00
# Visual Studio Express 2013 for Web
VisualStudioVersion = 12.0.20617.1 PREVIEW
MinimumVisualStudioVersion = 10.0.40219.1
Project("{FAE04EC0-301F-11D3-BF4B-00C04F79EFBC}") = "proto-ng-breeze-edge", "proto-ng-breeze-edge.csproj", "{708DB36E-1586-4F7D-AD22-9B6E3082C6B7}"
EndProject
Global
	GlobalSection(SolutionConfigurationPlatforms) = preSolution
		Debug|Any CPU = Debug|Any CPU
		Release|Any CPU = Release|Any CPU
	EndGlobalSection
	GlobalSection(ProjectConfigurationPlatforms) = postSolution
		{708DB36E-1586-4F7D-AD22-9B6E3082C6B7}.Debug|Any CPU.ActiveCfg = Debug|Any CPU
		{708DB36E-1586-4F7D-AD22-9B6E3082C6B7}.Debug|Any CPU.Build.0 = Debug|Any CPU
		{708DB36E-1586-4F7D-AD22-9B6E3082C6B7}.Release|Any CPU.ActiveCfg = Release|Any CPU
		{708DB36E-1586-4F7D-AD22-9B6E3082C6B7}.Release|Any CPU.Build.0 = Release|Any CPU
	EndGlobalSection
	GlobalSection(SolutionProperties) = preSolution
		HideSolutionNode = FALSE
	EndGlobalSection
EndGlobal
